
Microsoft Visual Studio Solution File, Format Version 12.00
# Visual Studio Version 17
VisualStudioVersion = 17.4.33205.214
MinimumVisualStudioVersion = 10.0.40219.1
Project("{FAE04EC0-301F-11D3-BF4B-00C04F79EFBC}") = "Pr17Varlamov", "Pr17Varlamov\Pr17Varlamov.csproj", "{DB310E78-520F-4C95-98F7-1F04236892E7}"
EndProject
Global
	GlobalSection(SolutionConfigurationPlatforms) = preSolution
		Debug|Any CPU = Debug|Any CPU
		Release|Any CPU = Release|Any CPU
	EndGlobalSection
	GlobalSection(ProjectConfigurationPlatforms) = postSolution
		{DB310E78-520F-4C95-98F7-1F04236892E7}.Debug|Any CPU.ActiveCfg = Debug|Any CPU
		{DB310E78-520F-4C95-98F7-1F04236892E7}.Debug|Any CPU.Build.0 = Debug|Any CPU
		{DB310E78-520F-4C95-98F7-1F04236892E7}.Release|Any CPU.ActiveCfg = Release|Any CPU
		{DB310E78-520F-4C95-98F7-1F04236892E7}.Release|Any CPU.Build.0 = Release|Any CPU
	EndGlobalSection
	GlobalSection(SolutionProperties) = preSolution
		HideSolutionNode = FALSE
	EndGlobalSection
	GlobalSection(ExtensibilityGlobals) = postSolution
		SolutionGuid = {D7DC2D81-FE35-4C7F-A6BD-ABB3C3CD942C}
	EndGlobalSection
EndGlobal
